// !$*UTF8*$!
{
	archiveVersion = 1;
	classes = {
	};
	objectVersion = 46;
	objects = {

/* Begin PBXBuildFile section */
		41C4812319E29F6200E8100A /* main.m in Sources */ = {isa = PBXBuildFile; fileRef = 41C4812219E29F6200E8100A /* main.m */; };
		41C4812619E29F6200E8100A /* AppDelegate.m in Sources */ = {isa = PBXBuildFile; fileRef = 41C4812519E29F6200E8100A /* AppDelegate.m */; };
		41C4812919E29F6200E8100A /* ViewController.m in Sources */ = {isa = PBXBuildFile; fileRef = 41C4812819E29F6200E8100A /* ViewController.m */; };
		41C4812C19E29F6200E8100A /* Main.storyboard in Resources */ = {isa = PBXBuildFile; fileRef = 41C4812A19E29F6200E8100A /* Main.storyboard */; };
		41C4812E19E29F6200E8100A /* Images.xcassets in Resources */ = {isa = PBXBuildFile; fileRef = 41C4812D19E29F6200E8100A /* Images.xcassets */; };
		41C4813119E29F6200E8100A /* LaunchScreen.xib in Resources */ = {isa = PBXBuildFile; fileRef = 41C4812F19E29F6200E8100A /* LaunchScreen.xib */; };
		41C4813D19E29F6200E8100A /* ExpandingTableViewsTests.m in Sources */ = {isa = PBXBuildFile; fileRef = 41C4813C19E29F6200E8100A /* ExpandingTableViewsTests.m */; };
		41C4814B19E2A0C000E8100A /* TableViewCell1.m in Sources */ = {isa = PBXBuildFile; fileRef = 41C4814919E2A0C000E8100A /* TableViewCell1.m */; };
		41C4814C19E2A0C000E8100A /* TableViewCell1.xib in Resources */ = {isa = PBXBuildFile; fileRef = 41C4814A19E2A0C000E8100A /* TableViewCell1.xib */; };
		41C4815019E2A0DC00E8100A /* TableViewCell2.m in Sources */ = {isa = PBXBuildFile; fileRef = 41C4814E19E2A0DC00E8100A /* TableViewCell2.m */; };
		41C4815119E2A0DC00E8100A /* TableViewCell2.xib in Resources */ = {isa = PBXBuildFile; fileRef = 41C4814F19E2A0DC00E8100A /* TableViewCell2.xib */; };
		41DCDF8219E2C3F6007A71C9 /* InvoiceHeaderTableViewCell.m in Sources */ = {isa = PBXBuildFile; fileRef = 41DCDF8119E2C3F6007A71C9 /* InvoiceHeaderTableViewCell.m */; };
		41DCDF8519E2C861007A71C9 /* InvoiceTableViewCell.m in Sources */ = {isa = PBXBuildFile; fileRef = 41DCDF8419E2C861007A71C9 /* InvoiceTableViewCell.m */; };
/* End PBXBuildFile section */

/* Begin PBXContainerItemProxy section */
		41C4813719E29F6200E8100A /* PBXContainerItemProxy */ = {
			isa = PBXContainerItemProxy;
			containerPortal = 41C4811519E29F6200E8100A /* Project object */;
			proxyType = 1;
			remoteGlobalIDString = 41C4811C19E29F6200E8100A;
			remoteInfo = ExpandingTableViews;
		};
/* End PBXContainerItemProxy section */

/* Begin PBXFileReference section */
		41C4811D19E29F6200E8100A /* ExpandingTableViews.app */ = {isa = PBXFileReference; explicitFileType = wrapper.application; includeInIndex = 0; path = ExpandingTableViews.app; sourceTree = BUILT_PRODUCTS_DIR; };
		41C4812119E29F6200E8100A /* Info.plist */ = {isa = PBXFileReference; lastKnownFileType = text.plist.xml; path = Info.plist; sourceTree = "<group>"; };
		41C4812219E29F6200E8100A /* main.m */ = {isa = PBXFileReference; lastKnownFileType = sourcecode.c.objc; path = main.m; sourceTree = "<group>"; };
		41C4812419E29F6200E8100A /* AppDelegate.h */ = {isa = PBXFileReference; lastKnownFileType = sourcecode.c.h; path = AppDelegate.h; sourceTree = "<group>"; };
		41C4812519E29F6200E8100A /* AppDelegate.m */ = {isa = PBXFileReference; lastKnownFileType = sourcecode.c.objc; path = AppDelegate.m; sourceTree = "<group>"; };
		41C4812719E29F6200E8100A /* ViewController.h */ = {isa = PBXFileReference; lastKnownFileType = sourcecode.c.h; path = ViewController.h; sourceTree = "<group>"; };
		41C4812819E29F6200E8100A /* ViewController.m */ = {isa = PBXFileReference; lastKnownFileType = sourcecode.c.objc; path = ViewController.m; sourceTree = "<group>"; };
		41C4812B19E29F6200E8100A /* Base */ = {isa = PBXFileReference; lastKnownFileType = file.storyboard; name = Base; path = Base.lproj/Main.storyboard; sourceTree = "<group>"; };
		41C4812D19E29F6200E8100A /* Images.xcassets */ = {isa = PBXFileReference; lastKnownFileType = folder.assetcatalog; path = Images.xcassets; sourceTree = "<group>"; };
		41C4813019E29F6200E8100A /* Base */ = {isa = PBXFileReference; lastKnownFileType = file.xib; name = Base; path = Base.lproj/LaunchScreen.xib; sourceTree = "<group>"; };
		41C4813619E29F6200E8100A /* ExpandingTableViewsTests.xctest */ = {isa = PBXFileReference; explicitFileType = wrapper.cfbundle; includeInIndex = 0; path = ExpandingTableViewsTests.xctest; sourceTree = BUILT_PRODUCTS_DIR; };
		41C4813B19E29F6200E8100A /* Info.plist */ = {isa = PBXFileReference; lastKnownFileType = text.plist.xml; path = Info.plist; sourceTree = "<group>"; };
		41C4813C19E29F6200E8100A /* ExpandingTableViewsTests.m */ = {isa = PBXFileReference; lastKnownFileType = sourcecode.c.objc; path = ExpandingTableViewsTests.m; sourceTree = "<group>"; };
		41C4814819E2A0C000E8100A /* TableViewCell1.h */ = {isa = PBXFileReference; fileEncoding = 4; lastKnownFileType = sourcecode.c.h; path = TableViewCell1.h; sourceTree = "<group>"; };
		41C4814919E2A0C000E8100A /* TableViewCell1.m */ = {isa = PBXFileReference; fileEncoding = 4; lastKnownFileType = sourcecode.c.objc; path = TableViewCell1.m; sourceTree = "<group>"; };
		41C4814A19E2A0C000E8100A /* TableViewCell1.xib */ = {isa = PBXFileReference; fileEncoding = 4; lastKnownFileType = file.xib; path = TableViewCell1.xib; sourceTree = "<group>"; };
		41C4814D19E2A0DC00E8100A /* TableViewCell2.h */ = {isa = PBXFileReference; fileEncoding = 4; lastKnownFileType = sourcecode.c.h; path = TableViewCell2.h; sourceTree = "<group>"; };
		41C4814E19E2A0DC00E8100A /* TableViewCell2.m */ = {isa = PBXFileReference; fileEncoding = 4; lastKnownFileType = sourcecode.c.objc; path = TableViewCell2.m; sourceTree = "<group>"; };
		41C4814F19E2A0DC00E8100A /* TableViewCell2.xib */ = {isa = PBXFileReference; fileEncoding = 4; lastKnownFileType = file.xib; path = TableViewCell2.xib; sourceTree = "<group>"; };
		41DCDF8019E2C3F6007A71C9 /* InvoiceHeaderTableViewCell.h */ = {isa = PBXFileReference; fileEncoding = 4; lastKnownFileType = sourcecode.c.h; path = InvoiceHeaderTableViewCell.h; sourceTree = "<group>"; };
		41DCDF8119E2C3F6007A71C9 /* InvoiceHeaderTableViewCell.m */ = {isa = PBXFileReference; fileEncoding = 4; lastKnownFileType = sourcecode.c.objc; path = InvoiceHeaderTableViewCell.m; sourceTree = "<group>"; };
		41DCDF8319E2C861007A71C9 /* InvoiceTableViewCell.h */ = {isa = PBXFileReference; fileEncoding = 4; lastKnownFileType = sourcecode.c.h; path = InvoiceTableViewCell.h; sourceTree = "<group>"; };
		41DCDF8419E2C861007A71C9 /* InvoiceTableViewCell.m */ = {isa = PBXFileReference; fileEncoding = 4; lastKnownFileType = sourcecode.c.objc; path = InvoiceTableViewCell.m; sourceTree = "<group>"; };
/* End PBXFileReference section */

/* Begin PBXFrameworksBuildPhase section */
		41C4811A19E29F6200E8100A /* Frameworks */ = {
			isa = PBXFrameworksBuildPhase;
			buildActionMask = 2147483647;
			files = (
			);
			runOnlyForDeploymentPostprocessing = 0;
		};
		41C4813319E29F6200E8100A /* Frameworks */ = {
			isa = PBXFrameworksBuildPhase;
			buildActionMask = 2147483647;
			files = (
			);
			runOnlyForDeploymentPostprocessing = 0;
		};
/* End PBXFrameworksBuildPhase section */

/* Begin PBXGroup section */
		41C4811419E29F6200E8100A = {
			isa = PBXGroup;
			children = (
				41C4811F19E29F6200E8100A /* ExpandingTableViews */,
				41C4813919E29F6200E8100A /* ExpandingTableViewsTests */,
				41C4811E19E29F6200E8100A /* Products */,
			);
			sourceTree = "<group>";
		};
		41C4811E19E29F6200E8100A /* Products */ = {
			isa = PBXGroup;
			children = (
				41C4811D19E29F6200E8100A /* ExpandingTableViews.app */,
				41C4813619E29F6200E8100A /* ExpandingTableViewsTests.xctest */,
			);
			name = Products;
			sourceTree = "<group>";
		};
		41C4811F19E29F6200E8100A /* ExpandingTableViews */ = {
			isa = PBXGroup;
			children = (
				41C4812419E29F6200E8100A /* AppDelegate.h */,
				41C4812519E29F6200E8100A /* AppDelegate.m */,
				41C4812719E29F6200E8100A /* ViewController.h */,
				41C4812819E29F6200E8100A /* ViewController.m */,
				41C4812A19E29F6200E8100A /* Main.storyboard */,
				41C4812D19E29F6200E8100A /* Images.xcassets */,
				41C4812F19E29F6200E8100A /* LaunchScreen.xib */,
				41C4812019E29F6200E8100A /* Supporting Files */,
				41C4814819E2A0C000E8100A /* TableViewCell1.h */,
				41C4814919E2A0C000E8100A /* TableViewCell1.m */,
				41C4814A19E2A0C000E8100A /* TableViewCell1.xib */,
				41C4814D19E2A0DC00E8100A /* TableViewCell2.h */,
				41C4814E19E2A0DC00E8100A /* TableViewCell2.m */,
				41C4814F19E2A0DC00E8100A /* TableViewCell2.xib */,
				41DCDF8019E2C3F6007A71C9 /* InvoiceHeaderTableViewCell.h */,
				41DCDF8119E2C3F6007A71C9 /* InvoiceHeaderTableViewCell.m */,
				41DCDF8319E2C861007A71C9 /* InvoiceTableViewCell.h */,
				41DCDF8419E2C861007A71C9 /* InvoiceTableViewCell.m */,
			);
			path = ExpandingTableViews;
			sourceTree = "<group>";
		};
		41C4812019E29F6200E8100A /* Supporting Files */ = {
			isa = PBXGroup;
			children = (
				41C4812119E29F6200E8100A /* Info.plist */,
				41C4812219E29F6200E8100A /* main.m */,
			);
			name = "Supporting Files";
			sourceTree = "<group>";
		};
		41C4813919E29F6200E8100A /* ExpandingTableViewsTests */ = {
			isa = PBXGroup;
			children = (
				41C4813C19E29F6200E8100A /* ExpandingTableViewsTests.m */,
				41C4813A19E29F6200E8100A /* Supporting Files */,
			);
			path = ExpandingTableViewsTests;
			sourceTree = "<group>";
		};
		41C4813A19E29F6200E8100A /* Supporting Files */ = {
			isa = PBXGroup;
			children = (
				41C4813B19E29F6200E8100A /* Info.plist */,
			);
			name = "Supporting Files";
			sourceTree = "<group>";
		};
/* End PBXGroup section */

/* Begin PBXNativeTarget section */
		41C4811C19E29F6200E8100A /* ExpandingTableViews */ = {
			isa = PBXNativeTarget;
			buildConfigurationList = 41C4814019E29F6200E8100A /* Build configuration list for PBXNativeTarget "ExpandingTableViews" */;
			buildPhases = (
				41C4811919E29F6200E8100A /* Sources */,
				41C4811A19E29F6200E8100A /* Frameworks */,
				41C4811B19E29F6200E8100A /* Resources */,
			);
			buildRules = (
			);
			dependencies = (
			);
			name = ExpandingTableViews;
			productName = ExpandingTableViews;
			productReference = 41C4811D19E29F6200E8100A /* ExpandingTableViews.app */;
			productType = "com.apple.product-type.application";
		};
		41C4813519E29F6200E8100A /* ExpandingTableViewsTests */ = {
			isa = PBXNativeTarget;
			buildConfigurationList = 41C4814319E29F6200E8100A /* Build configuration list for PBXNativeTarget "ExpandingTableViewsTests" */;
			buildPhases = (
				41C4813219E29F6200E8100A /* Sources */,
				41C4813319E29F6200E8100A /* Frameworks */,
				41C4813419E29F6200E8100A /* Resources */,
			);
			buildRules = (
			);
			dependencies = (
				41C4813819E29F6200E8100A /* PBXTargetDependency */,
			);
			name = ExpandingTableViewsTests;
			productName = ExpandingTableViewsTests;
			productReference = 41C4813619E29F6200E8100A /* ExpandingTableViewsTests.xctest */;
			productType = "com.apple.product-type.bundle.unit-test";
		};
/* End PBXNativeTarget section */

/* Begin PBXProject section */
		41C4811519E29F6200E8100A /* Project object */ = {
			isa = PBXProject;
			attributes = {
				LastUpgradeCheck = 0600;
				ORGANIZATIONNAME = Forefront;
				TargetAttributes = {
					41C4811C19E29F6200E8100A = {
						CreatedOnToolsVersion = 6.0.1;
					};
					41C4813519E29F6200E8100A = {
						CreatedOnToolsVersion = 6.0.1;
						TestTargetID = 41C4811C19E29F6200E8100A;
					};
				};
			};
			buildConfigurationList = 41C4811819E29F6200E8100A /* Build configuration list for PBXProject "ExpandingTableViews" */;
			compatibilityVersion = "Xcode 3.2";
			developmentRegion = English;
			hasScannedForEncodings = 0;
			knownRegions = (
				en,
				Base,
			);
			mainGroup = 41C4811419E29F6200E8100A;
			productRefGroup = 41C4811E19E29F6200E8100A /* Products */;
			projectDirPath = "";
			projectRoot = "";
			targets = (
				41C4811C19E29F6200E8100A /* ExpandingTableViews */,
				41C4813519E29F6200E8100A /* ExpandingTableViewsTests */,
			);
		};
/* End PBXProject section */

/* Begin PBXResourcesBuildPhase section */
		41C4811B19E29F6200E8100A /* Resources */ = {
			isa = PBXResourcesBuildPhase;
			buildActionMask = 2147483647;
			files = (
				41C4815119E2A0DC00E8100A /* TableViewCell2.xib in Resources */,
				41C4812C19E29F6200E8100A /* Main.storyboard in Resources */,
				41C4813119E29F6200E8100A /* LaunchScreen.xib in Resources */,
				41C4812E19E29F6200E8100A /* Images.xcassets in Resources */,
				41C4814C19E2A0C000E8100A /* TableViewCell1.xib in Resources */,
			);
			runOnlyForDeploymentPostprocessing = 0;
		};
		41C4813419E29F6200E8100A /* Resources */ = {
			isa = PBXResourcesBuildPhase;
			buildActionMask = 2147483647;
			files = (
			);
			runOnlyForDeploymentPostprocessing = 0;
		};
/* End PBXResourcesBuildPhase section */

/* Begin PBXSourcesBuildPhase section */
		41C4811919E29F6200E8100A /* Sources */ = {
			isa = PBXSourcesBuildPhase;
			buildActionMask = 2147483647;
			files = (
				41C4815019E2A0DC00E8100A /* TableViewCell2.m in Sources */,
				41DCDF8519E2C861007A71C9 /* InvoiceTableViewCell.m in Sources */,
				41C4812919E29F6200E8100A /* ViewController.m in Sources */,
				41DCDF8219E2C3F6007A71C9 /* InvoiceHeaderTableViewCell.m in Sources */,
				41C4812619E29F6200E8100A /* AppDelegate.m in Sources */,
				41C4812319E29F6200E8100A /* main.m in Sources */,
				41C4814B19E2A0C000E8100A /* TableViewCell1.m in Sources */,
			);
			runOnlyForDeploymentPostprocessing = 0;
		};
		41C4813219E29F6200E8100A /* Sources */ = {
			isa = PBXSourcesBuildPhase;
			buildActionMask = 2147483647;
			files = (
				41C4813D19E29F6200E8100A /* ExpandingTableViewsTests.m in Sources */,
			);
			runOnlyForDeploymentPostprocessing = 0;
		};
/* End PBXSourcesBuildPhase section */

/* Begin PBXTargetDependency section */
		41C4813819E29F6200E8100A /* PBXTargetDependency */ = {
			isa = PBXTargetDependency;
			target = 41C4811C19E29F6200E8100A /* ExpandingTableViews */;
			targetProxy = 41C4813719E29F6200E8100A /* PBXContainerItemProxy */;
		};
/* End PBXTargetDependency section */

/* Begin PBXVariantGroup section */
		41C4812A19E29F6200E8100A /* Main.storyboard */ = {
			isa = PBXVariantGroup;
			children = (
				41C4812B19E29F6200E8100A /* Base */,
			);
			name = Main.storyboard;
			sourceTree = "<group>";
		};
		41C4812F19E29F6200E8100A /* LaunchScreen.xib */ = {
			isa = PBXVariantGroup;
			children = (
				41C4813019E29F6200E8100A /* Base */,
			);
			name = LaunchScreen.xib;
			sourceTree = "<group>";
		};
/* End PBXVariantGroup section */

/* Begin XCBuildConfiguration section */
		41C4813E19E29F6200E8100A /* Debug */ = {
			isa = XCBuildConfiguration;
			buildSettings = {
				ALWAYS_SEARCH_USER_PATHS = NO;
				CLANG_CXX_LANGUAGE_STANDARD = "gnu++0x";
				CLANG_CXX_LIBRARY = "libc++";
				CLANG_ENABLE_MODULES = YES;
				CLANG_ENABLE_OBJC_ARC = YES;
				CLANG_WARN_BOOL_CONVERSION = YES;
				CLANG_WARN_CONSTANT_CONVERSION = YES;
				CLANG_WARN_DIRECT_OBJC_ISA_USAGE = YES_ERROR;
				CLANG_WARN_EMPTY_BODY = YES;
				CLANG_WARN_ENUM_CONVERSION = YES;
				CLANG_WARN_INT_CONVERSION = YES;
				CLANG_WARN_OBJC_ROOT_CLASS = YES_ERROR;
				CLANG_WARN_UNREACHABLE_CODE = YES;
				CLANG_WARN__DUPLICATE_METHOD_MATCH = YES;
				"CODE_SIGN_IDENTITY[sdk=iphoneos*]" = "iPhone Developer";
				COPY_PHASE_STRIP = NO;
				ENABLE_STRICT_OBJC_MSGSEND = YES;
				GCC_C_LANGUAGE_STANDARD = gnu99;
				GCC_DYNAMIC_NO_PIC = NO;
				GCC_OPTIMIZATION_LEVEL = 0;
				GCC_PREPROCESSOR_DEFINITIONS = (
					"DEBUG=1",
					"$(inherited)",
				);
				GCC_SYMBOLS_PRIVATE_EXTERN = NO;
				GCC_WARN_64_TO_32_BIT_CONVERSION = YES;
				GCC_WARN_ABOUT_RETURN_TYPE = YES_ERROR;
				GCC_WARN_UNDECLARED_SELECTOR = YES;
				GCC_WARN_UNINITIALIZED_AUTOS = YES_AGGRESSIVE;
				GCC_WARN_UNUSED_FUNCTION = YES;
				GCC_WARN_UNUSED_VARIABLE = YES;
				IPHONEOS_DEPLOYMENT_TARGET = 8.0;
				MTL_ENABLE_DEBUG_INFO = YES;
				ONLY_ACTIVE_ARCH = YES;
				SDKROOT = iphoneos;
				TARGETED_DEVICE_FAMILY = "1,2";
			};
			name = Debug;
		};
		41C4813F19E29F6200E8100A /* Release */ = {
			isa = XCBuildConfiguration;
			buildSettings = {
				ALWAYS_SEARCH_USER_PATHS = NO;
				CLANG_CXX_LANGUAGE_STANDARD = "gnu++0x";
				CLANG_CXX_LIBRARY = "libc++";
				CLANG_ENABLE_MODULES = YES;
				CLANG_ENABLE_OBJC_ARC = YES;
				CLANG_WARN_BOOL_CONVERSION = YES;
				CLANG_WARN_CONSTANT_CONVERSION = YES;
				CLANG_WARN_DIRECT_OBJC_ISA_USAGE = YES_ERROR;
				CLANG_WARN_EMPTY_BODY = YES;
				CLANG_WARN_ENUM_CONVERSION = YES;
				CLANG_WARN_INT_CONVERSION = YES;
				CLANG_WARN_OBJC_ROOT_CLASS = YES_ERROR;
				CLANG_WARN_UNREACHABLE_CODE = YES;
				CLANG_WARN__DUPLICATE_METHOD_MATCH = YES;
				"CODE_SIGN_IDENTITY[sdk=iphoneos*]" = "iPhone Developer";
				COPY_PHASE_STRIP = YES;
				ENABLE_NS_ASSERTIONS = NO;
				ENABLE_STRICT_OBJC_MSGSEND = YES;
				GCC_C_LANGUAGE_STANDARD = gnu99;
				GCC_WARN_64_TO_32_BIT_CONVERSION = YES;
				GCC_WARN_ABOUT_RETURN_TYPE = YES_ERROR;
				GCC_WARN_UNDECLARED_SELECTOR = YES;
				GCC_WARN_UNINITIALIZED_AUTOS = YES_AGGRESSIVE;
				GCC_WARN_UNUSED_FUNCTION = YES;
				GCC_WARN_UNUSED_VARIABLE = YES;
				IPHONEOS_DEPLOYMENT_TARGET = 8.0;
				MTL_ENABLE_DEBUG_INFO = NO;
				SDKROOT = iphoneos;
				TARGETED_DEVICE_FAMILY = "1,2";
				VALIDATE_PRODUCT = YES;
			};
			name = Release;
		};
		41C4814119E29F6200E8100A /* Debug */ = {
			isa = XCBuildConfiguration;
			buildSettings = {
				ASSETCATALOG_COMPILER_APPICON_NAME = AppIcon;
				INFOPLIST_FILE = ExpandingTableViews/Info.plist;
				LD_RUNPATH_SEARCH_PATHS = "$(inherited) @executable_path/Frameworks";
				PRODUCT_NAME = "$(TARGET_NAME)";
			};
			name = Debug;
		};
		41C4814219E29F6200E8100A /* Release */ = {
			isa = XCBuildConfiguration;
			buildSettings = {
				ASSETCATALOG_COMPILER_APPICON_NAME = AppIcon;
				INFOPLIST_FILE = ExpandingTableViews/Info.plist;
				LD_RUNPATH_SEARCH_PATHS = "$(inherited) @executable_path/Frameworks";
				PRODUCT_NAME = "$(TARGET_NAME)";
			};
			name = Release;
		};
		41C4814419E29F6200E8100A /* Debug */ = {
			isa = XCBuildConfiguration;
			buildSettings = {
				BUNDLE_LOADER = "$(TEST_HOST)";
				FRAMEWORK_SEARCH_PATHS = (
					"$(SDKROOT)/Developer/Library/Frameworks",
					"$(inherited)",
				);
				GCC_PREPROCESSOR_DEFINITIONS = (
					"DEBUG=1",
					"$(inherited)",
				);
				INFOPLIST_FILE = ExpandingTableViewsTests/Info.plist;
				LD_RUNPATH_SEARCH_PATHS = "$(inherited) @executable_path/Frameworks @loader_path/Frameworks";
				PRODUCT_NAME = "$(TARGET_NAME)";
				TEST_HOST = "$(BUILT_PRODUCTS_DIR)/ExpandingTableViews.app/ExpandingTableViews";
			};
			name = Debug;
		};
		41C4814519E29F6200E8100A /* Release */ = {
			isa = XCBuildConfiguration;
			buildSettings = {
				BUNDLE_LOADER = "$(TEST_HOST)";
				FRAMEWORK_SEARCH_PATHS = (
					"$(SDKROOT)/Developer/Library/Frameworks",
					"$(inherited)",
				);
				INFOPLIST_FILE = ExpandingTableViewsTests/Info.plist;
				LD_RUNPATH_SEARCH_PATHS = "$(inherited) @executable_path/Frameworks @loader_path/Frameworks";
				PRODUCT_NAME = "$(TARGET_NAME)";
				TEST_HOST = "$(BUILT_PRODUCTS_DIR)/ExpandingTableViews.app/ExpandingTableViews";
			};
			name = Release;
		};
/* End XCBuildConfiguration section */

/* Begin XCConfigurationList section */
		41C4811819E29F6200E8100A /* Build configuration list for PBXProject "ExpandingTableViews" */ = {
			isa = XCConfigurationList;
			buildConfigurations = (
				41C4813E19E29F6200E8100A /* Debug */,
				41C4813F19E29F6200E8100A /* Release */,
			);
			defaultConfigurationIsVisible = 0;
			defaultConfigurationName = Release;
		};
		41C4814019E29F6200E8100A /* Build configuration list for PBXNativeTarget "ExpandingTableViews" */ = {
			isa = XCConfigurationList;
			buildConfigurations = (
				41C4814119E29F6200E8100A /* Debug */,
				41C4814219E29F6200E8100A /* Release */,
			);
			defaultConfigurationIsVisible = 0;
			defaultConfigurationName = Release;
		};
		41C4814319E29F6200E8100A /* Build configuration list for PBXNativeTarget "ExpandingTableViewsTests" */ = {
			isa = XCConfigurationList;
			buildConfigurations = (
				41C4814419E29F6200E8100A /* Debug */,
				41C4814519E29F6200E8100A /* Release */,
			);
			defaultConfigurationIsVisible = 0;
			defaultConfigurationName = Release;
		};
/* End XCConfigurationList section */
	};
	rootObject = 41C4811519E29F6200E8100A /* Project object */;
}
